{
  "name": "fake-service",
  "version": "1.0.0",
  "lockfileVersion": 1,
  "requires": true,
  "dependencies": {
    "@llkennedy/httpgrpc": {
      "version": "0.4.0",
      "resolved": "https://registry.npmjs.org/@llkennedy/httpgrpc/-/httpgrpc-0.4.0.tgz",
      "integrity": "sha512-LwkLxo2mw49PonMMj4yy0LqTcv6p9lWgiTA6tdRKDnhBOjlaa2FzH20rF3ltuYT4o1NJ9hPr9v6QgOtB+QHobA==",
      "requires": {
        "@types/node": "^14.14.31",
        "@types/uuid": "^8.3.0",
        "axios": "^0.21.1",
        "rfc4648": "^1.4.0",
        "uuid": "^8.3.2"
      }
    },
    "@types/node": {
      "version": "14.14.34",
      "resolved": "https://registry.npmjs.org/@types/node/-/node-14.14.34.tgz",
      "integrity": "sha512-dBPaxocOK6UVyvhbnpFIj2W+S+1cBTkHQbFQfeeJhoKFbzYcVUGHvddeWPSucKATb3F0+pgDq0i6ghEaZjsugA=="
    },
    "@types/uuid": {
      "version": "8.3.0",
      "resolved": "https://registry.npmjs.org/@types/uuid/-/uuid-8.3.0.tgz",
      "integrity": "sha512-eQ9qFW/fhfGJF8WKHGEHZEyVWfZxrT+6CLIJGBcZPfxUh/+BnEj+UCGYMlr9qZuX/2AltsvwrGqp0LhEW8D0zQ=="
    },
    "axios": {
      "version": "0.21.1",
      "resolved": "https://registry.npmjs.org/axios/-/axios-0.21.1.tgz",
      "integrity": "sha512-dKQiRHxGD9PPRIUNIWvZhPTPpl1rf/OxTYKsqKUDjBwYylTvV7SjSHJb9ratfyzM6wCdLCOYLzs73qpg5c4iGA==",
      "requires": {
        "follow-redirects": "^1.10.0"
      }
    },
    "follow-redirects": {
      "version": "1.13.3",
      "resolved": "https://registry.npmjs.org/follow-redirects/-/follow-redirects-1.13.3.tgz",
      "integrity": "sha512-DUgl6+HDzB0iEptNQEXLx/KhTmDb8tZUHSeLqpnjpknR70H0nC2t9N73BK6fN4hOvJ84pKlIQVQ4k5FFlBedKA=="
    },
    "rfc4648": {
      "version": "1.4.0",
      "resolved": "https://registry.npmjs.org/rfc4648/-/rfc4648-1.4.0.tgz",
      "integrity": "sha512-3qIzGhHlMHA6PoT6+cdPKZ+ZqtxkIvg8DZGKA5z6PQ33/uuhoJ+Ws/D/J9rXW6gXodgH8QYlz2UCl+sdUDmNIg=="
    },
    "uuid": {
      "version": "8.3.2",
      "resolved": "https://registry.npmjs.org/uuid/-/uuid-8.3.2.tgz",
      "integrity": "sha512-+NYs2QeMWy+GWFOEm9xnn6HCDp0l7QBD7ml8zLUmJ+93Q5NF0NocErnwkTkXVFNiX3/fpC6afS8Dhb/gz7R7eg=="
    }
  }
}
